
Microsoft Visual Studio Solution File, Format Version 12.00
# Visual Studio Version 16
VisualStudioVersion = 16.0.29102.190
MinimumVisualStudioVersion = 10.0.40219.1
Project("{FAE04EC0-301F-11D3-BF4B-00C04F79EFBC}") = "Lab2RoomCalculator", "Lab2RoomCalculator\Lab2RoomCalculator.csproj", "{E6A669CE-091D-4604-BA39-1797C1B14F44}"
EndProject
Global
	GlobalSection(SolutionConfigurationPlatforms) = preSolution
		Debug|Any CPU = Debug|Any CPU
		Release|Any CPU = Release|Any CPU
	EndGlobalSection
	GlobalSection(ProjectConfigurationPlatforms) = postSolution
		{E6A669CE-091D-4604-BA39-1797C1B14F44}.Debug|Any CPU.ActiveCfg = Debug|Any CPU
		{E6A669CE-091D-4604-BA39-1797C1B14F44}.Debug|Any CPU.Build.0 = Debug|Any CPU
		{E6A669CE-091D-4604-BA39-1797C1B14F44}.Release|Any CPU.ActiveCfg = Release|Any CPU
		{E6A669CE-091D-4604-BA39-1797C1B14F44}.Release|Any CPU.Build.0 = Release|Any CPU
	EndGlobalSection
	GlobalSection(SolutionProperties) = preSolution
		HideSolutionNode = FALSE
	EndGlobalSection
	GlobalSection(ExtensibilityGlobals) = postSolution
		SolutionGuid = {376C6A36-3627-4826-A94D-79B056939622}
	EndGlobalSection
EndGlobal
